
Microsoft Visual Studio Solution File, Format Version 12.00
# Visual Studio Version 17
VisualStudioVersion = 17.7.34221.43
MinimumVisualStudioVersion = 10.0.40219.1
Project("{9A19103F-16F7-4668-BE54-9A1E7A4F7556}") = "design_pattern", "design_pattern.csproj", "{FED0AFB5-0112-40E8-9901-D13363148288}"
EndProject
Global
	GlobalSection(SolutionConfigurationPlatforms) = preSolution
		Debug|Any CPU = Debug|Any CPU
		Release|Any CPU = Release|Any CPU
	EndGlobalSection
	GlobalSection(ProjectConfigurationPlatforms) = postSolution
		{FED0AFB5-0112-40E8-9901-D13363148288}.Debug|Any CPU.ActiveCfg = Debug|Any CPU
		{FED0AFB5-0112-40E8-9901-D13363148288}.Debug|Any CPU.Build.0 = Debug|Any CPU
		{FED0AFB5-0112-40E8-9901-D13363148288}.Release|Any CPU.ActiveCfg = Release|Any CPU
		{FED0AFB5-0112-40E8-9901-D13363148288}.Release|Any CPU.Build.0 = Release|Any CPU
	EndGlobalSection
	GlobalSection(SolutionProperties) = preSolution
		HideSolutionNode = FALSE
	EndGlobalSection
	GlobalSection(ExtensibilityGlobals) = postSolution
		SolutionGuid = {1B0C480F-9FF4-4839-A074-97B7FD019A57}
	EndGlobalSection
EndGlobal
